
Microsoft Visual Studio Solution File, Format Version 12.00
# Visual Studio Version 17
VisualStudioVersion = 17.5.33627.172
MinimumVisualStudioVersion = 10.0.40219.1
Project("{FAE04EC0-301F-11D3-BF4B-00C04F79EFBC}") = "Lab07_Hurtado.Android", "Lab07_Hurtado\Lab07_Hurtado.Android\Lab07_Hurtado.Android.csproj", "{A96582C4-3926-4395-B11F-4F852E611C7A}"
EndProject
Project("{FAE04EC0-301F-11D3-BF4B-00C04F79EFBC}") = "Lab07_Hurtado.iOS", "Lab07_Hurtado\Lab07_Hurtado.iOS\Lab07_Hurtado.iOS.csproj", "{6689B236-50E9-4188-BC9D-748FACC573DE}"
EndProject
Project("{FAE04EC0-301F-11D3-BF4B-00C04F79EFBC}") = "Lab07_Hurtado", "Lab07_Hurtado\Lab07_Hurtado\Lab07_Hurtado.csproj", "{A1A9DC51-D7AC-4DF3-B19A-75B31AEB8315}"
EndProject
Global
	GlobalSection(SolutionConfigurationPlatforms) = preSolution
		Debug|Any CPU = Debug|Any CPU
		Debug|iPhone = Debug|iPhone
		Debug|iPhoneSimulator = Debug|iPhoneSimulator
		Release|Any CPU = Release|Any CPU
		Release|iPhone = Release|iPhone
		Release|iPhoneSimulator = Release|iPhoneSimulator
	EndGlobalSection
	GlobalSection(ProjectConfigurationPlatforms) = postSolution
		{A96582C4-3926-4395-B11F-4F852E611C7A}.Debug|Any CPU.ActiveCfg = Debug|Any CPU
		{A96582C4-3926-4395-B11F-4F852E611C7A}.Debug|Any CPU.Build.0 = Debug|Any CPU
		{A96582C4-3926-4395-B11F-4F852E611C7A}.Debug|Any CPU.Deploy.0 = Debug|Any CPU
		{A96582C4-3926-4395-B11F-4F852E611C7A}.Debug|iPhone.ActiveCfg = Debug|Any CPU
		{A96582C4-3926-4395-B11F-4F852E611C7A}.Debug|iPhone.Build.0 = Debug|Any CPU
		{A96582C4-3926-4395-B11F-4F852E611C7A}.Debug|iPhone.Deploy.0 = Debug|Any CPU
		{A96582C4-3926-4395-B11F-4F852E611C7A}.Debug|iPhoneSimulator.ActiveCfg = Debug|Any CPU
		{A96582C4-3926-4395-B11F-4F852E611C7A}.Debug|iPhoneSimulator.Build.0 = Debug|Any CPU
		{A96582C4-3926-4395-B11F-4F852E611C7A}.Debug|iPhoneSimulator.Deploy.0 = Debug|Any CPU
		{A96582C4-3926-4395-B11F-4F852E611C7A}.Release|Any CPU.ActiveCfg = Release|Any CPU
		{A96582C4-3926-4395-B11F-4F852E611C7A}.Release|Any CPU.Build.0 = Release|Any CPU
		{A96582C4-3926-4395-B11F-4F852E611C7A}.Release|Any CPU.Deploy.0 = Release|Any CPU
		{A96582C4-3926-4395-B11F-4F852E611C7A}.Release|iPhone.ActiveCfg = Release|Any CPU
		{A96582C4-3926-4395-B11F-4F852E611C7A}.Release|iPhone.Build.0 = Release|Any CPU
		{A96582C4-3926-4395-B11F-4F852E611C7A}.Release|iPhone.Deploy.0 = Release|Any CPU
		{A96582C4-3926-4395-B11F-4F852E611C7A}.Release|iPhoneSimulator.ActiveCfg = Release|Any CPU
		{A96582C4-3926-4395-B11F-4F852E611C7A}.Release|iPhoneSimulator.Build.0 = Release|Any CPU
		{A96582C4-3926-4395-B11F-4F852E611C7A}.Release|iPhoneSimulator.Deploy.0 = Release|Any CPU
		{6689B236-50E9-4188-BC9D-748FACC573DE}.Debug|Any CPU.ActiveCfg = Debug|iPhone
		{6689B236-50E9-4188-BC9D-748FACC573DE}.Debug|Any CPU.Build.0 = Debug|iPhone
		{6689B236-50E9-4188-BC9D-748FACC573DE}.Debug|Any CPU.Deploy.0 = Debug|iPhone
		{6689B236-50E9-4188-BC9D-748FACC573DE}.Debug|iPhone.ActiveCfg = Debug|iPhone
		{6689B236-50E9-4188-BC9D-748FACC573DE}.Debug|iPhone.Build.0 = Debug|iPhone
		{6689B236-50E9-4188-BC9D-748FACC573DE}.Debug|iPhone.Deploy.0 = Debug|iPhone
		{6689B236-50E9-4188-BC9D-748FACC573DE}.Debug|iPhoneSimulator.ActiveCfg = Debug|iPhoneSimulator
		{6689B236-50E9-4188-BC9D-748FACC573DE}.Debug|iPhoneSimulator.Build.0 = Debug|iPhoneSimulator
		{6689B236-50E9-4188-BC9D-748FACC573DE}.Debug|iPhoneSimulator.Deploy.0 = Debug|iPhoneSimulator
		{6689B236-50E9-4188-BC9D-748FACC573DE}.Release|Any CPU.ActiveCfg = Release|iPhoneSimulator
		{6689B236-50E9-4188-BC9D-748FACC573DE}.Release|Any CPU.Build.0 = Release|iPhoneSimulator
		{6689B236-50E9-4188-BC9D-748FACC573DE}.Release|Any CPU.Deploy.0 = Release|iPhoneSimulator
		{6689B236-50E9-4188-BC9D-748FACC573DE}.Release|iPhone.ActiveCfg = Release|iPhone
		{6689B236-50E9-4188-BC9D-748FACC573DE}.Release|iPhone.Build.0 = Release|iPhone
		{6689B236-50E9-4188-BC9D-748FACC573DE}.Release|iPhone.Deploy.0 = Release|iPhone
		{6689B236-50E9-4188-BC9D-748FACC573DE}.Release|iPhoneSimulator.ActiveCfg = Release|iPhoneSimulator
		{6689B236-50E9-4188-BC9D-748FACC573DE}.Release|iPhoneSimulator.Build.0 = Release|iPhoneSimulator
		{6689B236-50E9-4188-BC9D-748FACC573DE}.Release|iPhoneSimulator.Deploy.0 = Release|iPhoneSimulator
		{A1A9DC51-D7AC-4DF3-B19A-75B31AEB8315}.Debug|Any CPU.ActiveCfg = Debug|Any CPU
		{A1A9DC51-D7AC-4DF3-B19A-75B31AEB8315}.Debug|Any CPU.Build.0 = Debug|Any CPU
		{A1A9DC51-D7AC-4DF3-B19A-75B31AEB8315}.Debug|Any CPU.Deploy.0 = Debug|Any CPU
		{A1A9DC51-D7AC-4DF3-B19A-75B31AEB8315}.Debug|iPhone.ActiveCfg = Debug|Any CPU
		{A1A9DC51-D7AC-4DF3-B19A-75B31AEB8315}.Debug|iPhone.Build.0 = Debug|Any CPU
		{A1A9DC51-D7AC-4DF3-B19A-75B31AEB8315}.Debug|iPhone.Deploy.0 = Debug|Any CPU
		{A1A9DC51-D7AC-4DF3-B19A-75B31AEB8315}.Debug|iPhoneSimulator.ActiveCfg = Debug|Any CPU
		{A1A9DC51-D7AC-4DF3-B19A-75B31AEB8315}.Debug|iPhoneSimulator.Build.0 = Debug|Any CPU
		{A1A9DC51-D7AC-4DF3-B19A-75B31AEB8315}.Debug|iPhoneSimulator.Deploy.0 = Debug|Any CPU
		{A1A9DC51-D7AC-4DF3-B19A-75B31AEB8315}.Release|Any CPU.ActiveCfg = Release|Any CPU
		{A1A9DC51-D7AC-4DF3-B19A-75B31AEB8315}.Release|Any CPU.Build.0 = Release|Any CPU
		{A1A9DC51-D7AC-4DF3-B19A-75B31AEB8315}.Release|Any CPU.Deploy.0 = Release|Any CPU
		{A1A9DC51-D7AC-4DF3-B19A-75B31AEB8315}.Release|iPhone.ActiveCfg = Release|Any CPU
		{A1A9DC51-D7AC-4DF3-B19A-75B31AEB8315}.Release|iPhone.Build.0 = Release|Any CPU
		{A1A9DC51-D7AC-4DF3-B19A-75B31AEB8315}.Release|iPhone.Deploy.0 = Release|Any CPU
		{A1A9DC51-D7AC-4DF3-B19A-75B31AEB8315}.Release|iPhoneSimulator.ActiveCfg = Release|Any CPU
		{A1A9DC51-D7AC-4DF3-B19A-75B31AEB8315}.Release|iPhoneSimulator.Build.0 = Release|Any CPU
		{A1A9DC51-D7AC-4DF3-B19A-75B31AEB8315}.Release|iPhoneSimulator.Deploy.0 = Release|Any CPU
	EndGlobalSection
	GlobalSection(SolutionProperties) = preSolution
		HideSolutionNode = FALSE
	EndGlobalSection
	GlobalSection(ExtensibilityGlobals) = postSolution
		SolutionGuid = {11EBA268-6B82-4046-8AC3-994A79CD0BFC}
	EndGlobalSection
EndGlobal
